
Microsoft Visual Studio Solution File, Format Version 12.00
# Visual Studio 15
VisualStudioVersion = 15.0.28307.852
MinimumVisualStudioVersion = 10.0.40219.1
Project("{FAE04EC0-301F-11D3-BF4B-00C04F79EFBC}") = "ParkyAPI", "ParkyAPI\ParkyAPI.csproj", "{B04B188C-8B03-4C38-8FD8-B27C24F0E61E}"
EndProject
Global
	GlobalSection(SolutionConfigurationPlatforms) = preSolution
		Debug|Any CPU = Debug|Any CPU
		Release|Any CPU = Release|Any CPU
	EndGlobalSection
	GlobalSection(ProjectConfigurationPlatforms) = postSolution
		{B04B188C-8B03-4C38-8FD8-B27C24F0E61E}.Debug|Any CPU.ActiveCfg = Debug|Any CPU
		{B04B188C-8B03-4C38-8FD8-B27C24F0E61E}.Debug|Any CPU.Build.0 = Debug|Any CPU
		{B04B188C-8B03-4C38-8FD8-B27C24F0E61E}.Release|Any CPU.ActiveCfg = Release|Any CPU
		{B04B188C-8B03-4C38-8FD8-B27C24F0E61E}.Release|Any CPU.Build.0 = Release|Any CPU
	EndGlobalSection
	GlobalSection(SolutionProperties) = preSolution
		HideSolutionNode = FALSE
	EndGlobalSection
	GlobalSection(ExtensibilityGlobals) = postSolution
		SolutionGuid = {8943A1B1-CCDD-49C6-91FC-FD16F47A46C4}
	EndGlobalSection
EndGlobal
